
Microsoft Visual Studio Solution File, Format Version 12.00
# Visual Studio Version 17
VisualStudioVersion = 17.10.34928.147
MinimumVisualStudioVersion = 10.0.40219.1
Project("{FAE04EC0-301F-11D3-BF4B-00C04F79EFBC}") = "mypass", "mypass.csproj", "{7F21CDA3-DFB8-45BA-BA53-C4415D56492C}"
EndProject
Global
	GlobalSection(SolutionConfigurationPlatforms) = preSolution
		Debug|Any CPU = Debug|Any CPU
		Release|Any CPU = Release|Any CPU
	EndGlobalSection
	GlobalSection(ProjectConfigurationPlatforms) = postSolution
		{7F21CDA3-DFB8-45BA-BA53-C4415D56492C}.Debug|Any CPU.ActiveCfg = Debug|Any CPU
		{7F21CDA3-DFB8-45BA-BA53-C4415D56492C}.Debug|Any CPU.Build.0 = Debug|Any CPU
		{7F21CDA3-DFB8-45BA-BA53-C4415D56492C}.Release|Any CPU.ActiveCfg = Release|Any CPU
		{7F21CDA3-DFB8-45BA-BA53-C4415D56492C}.Release|Any CPU.Build.0 = Release|Any CPU
	EndGlobalSection
	GlobalSection(SolutionProperties) = preSolution
		HideSolutionNode = FALSE
	EndGlobalSection
	GlobalSection(ExtensibilityGlobals) = postSolution
		SolutionGuid = {CAD73804-AA22-4326-B4B1-465EDF40E9C9}
	EndGlobalSection
EndGlobal
